version = 1
revision = 3
requires-python = ">=3.12"

[[package]]
name = "colorama"
version = "0.4.6"
source = { registry = "https://pypi.org/simple" }
sdist = { url = "https://files.pythonhosted.org/packages/d8/53/6f443c9a4a8358a93a6792e2acffb9d9d5cb0a5cfd8802644b7b1c9a02e4/colorama-0.4.6.tar.gz", hash = "sha256:08695f5cb7ed6e0531a20572697297273c47b8cae5a63ffc6d6ed5c201be6e44", size = 27697, upload-time = "2022-10-25T02:36:22.414Z" }
wheels = [
    { url = "https://files.pythonhosted.org/packages/d1/d6/3965ed04c63042e047cb6a3e6ed1a63a35087b6a609aa3a15ed8ac56c221/colorama-0.4.6-py2.py3-none-any.whl", hash = "sha256:4f1d9991f5acc0ca119f9d443620b77f9d6b33703e51011c16baf57afb285fc6", size = 25335, upload-time = "2022-10-25T02:36:20.889Z" },
]

[[package]]
name = "iniconfig"
version = "2.3.0"
source = { registry = "https://pypi.org/simple" }
sdist = { url = "https://files.pythonhosted.org/packages/72/34/14ca021ce8e5dfedc35312d08ba8bf51fdd999c576889fc2c24cb97f4f10/iniconfig-2.3.0.tar.gz", hash = "sha256:c76315c77db068650d49c5b56314774a7804df16fee4402c1f19d6d15d8c4730", size = 20503, upload-time = "2025-10-18T21:55:43.219Z" }
wheels = [
    { url = "https://files.pythonhosted.org/packages/cb/b1/3846dd7f199d53cb17f49cba7e651e9ce294d8497c8c150530ed11865bb8/iniconfig-2.3.0-py3-none-any.whl", hash = "sha256:f631c04d2c48c52b84d0d0549c99ff3859c98df65b3101406327ecc7d53fbf12", size = 7484, upload-time = "2025-10-18T21:55:41.639Z" },
]

[[package]]
name = "marshmallow"
version = "3.26.2"
source = { registry = "https://pypi.org/simple" }
dependencies = [
    { name = "packaging" },
]
sdist = { url = "https://files.pythonhosted.org/packages/55/79/de6c16cc902f4fc372236926b0ce2ab7845268dcc30fb2fbb7f71b418631/marshmallow-3.26.2.tar.gz", hash = "sha256:bbe2adb5a03e6e3571b573f42527c6fe926e17467833660bebd11593ab8dfd57", size = 222095, upload-time = "2025-12-22T06:53:53.309Z" }
wheels = [
    { url = "https://files.pythonhosted.org/packages/be/2f/5108cb3ee4ba6501748c4908b908e55f42a5b66245b4cfe0c99326e1ef6e/marshmallow-3.26.2-py3-none-any.whl", hash = "sha256:013fa8a3c4c276c24d26d84ce934dc964e2aa794345a0f8c7e5a7191482c8a73", size = 50964, upload-time = "2025-12-22T06:53:51.801Z" },
]

[[package]]
name = "marshmallow-recipe"
source = { editable = "." }
dependencies = [
    { name = "marshmallow" },
]

[package.optional-dependencies]
dev = [
    { name = "maturin" },
    { name = "pyperf" },
    { name = "pyright" },
    { name = "pytest" },
    { name = "ruff" },
    { name = "setuptools" },
]

[package.metadata]
requires-dist = [
    { name = "marshmallow", specifier = ">=2.20.5,<4" },
    { name = "maturin", marker = "extra == 'dev'", specifier = ">=1.9,<2.0" },
    { name = "pyperf", marker = "extra == 'dev'", specifier = ">=2.7" },
    { name = "pyright", marker = "extra == 'dev'", specifier = "==1.1.407" },
    { name = "pytest", marker = "extra == 'dev'", specifier = "==8.3.5" },
    { name = "ruff", marker = "extra == 'dev'", specifier = "==0.8.4" },
    { name = "setuptools", marker = "extra == 'dev'" },
]
provides-extras = ["dev"]

[[package]]
name = "maturin"
version = "1.11.2"
source = { registry = "https://pypi.org/simple" }
sdist = { url = "https://files.pythonhosted.org/packages/2f/1c/00b48c6b93a5b3795ec96165a60dbafd3c5094aae281ba56812a8cad4fc7/maturin-1.11.2.tar.gz", hash = "sha256:24d2502ee8e6e6a33b3993bc78251da8d982e4da16d6c0ad9b4256135ff8694b", size = 226596, upload-time = "2026-01-05T21:11:45.847Z" }
wheels = [
    { url = "https://files.pythonhosted.org/packages/79/c4/85478aeffd361c14b283464a8f240fa6f8f93a5413458d1aeedffdd39a9b/maturin-1.11.2-py3-none-linux_armv6l.whl", hash = "sha256:92cad385d383d9effef2b532085098c6d555f9993566cdead14e0a70fb900aa6", size = 8852599, upload-time = "2026-01-05T21:11:44.465Z" },
    { url = "https://files.pythonhosted.org/packages/59/e8/0f9542984b740120c07ef6b1f1eff7ce4ee45e32c2ad69db87b9729b4007/maturin-1.11.2-py3-none-macosx_10_12_x86_64.macosx_11_0_arm64.macosx_10_12_universal2.whl", hash = "sha256:7dff6b23d7ae70608d0ad7651e3d5acb8f8c982d2a3bccd8b3fbbc2b3696d84b", size = 17237591, upload-time = "2026-01-05T21:11:52.697Z" },
    { url = "https://files.pythonhosted.org/packages/13/5c/2271c7f952dc4ac8bbf86d2f45f2d005d843d2f67d1f0c3675027adc5967/maturin-1.11.2-py3-none-macosx_10_12_x86_64.whl", hash = "sha256:170ade0cb2816f1e0d050c7eb94906b90d59906d31428286ad5683ee3379c403", size = 8885232, upload-time = "2026-01-05T21:11:30.994Z" },
    { url = "https://files.pythonhosted.org/packages/26/eb/ae3bd7ef6f74d19b8fc00dcdf301abd0344d9840096b8094b2a8c68186d7/maturin-1.11.2-py3-none-manylinux_2_12_i686.manylinux2010_i686.musllinux_1_1_i686.whl", hash = "sha256:38b593e9dc55ddc68baac5b356be7ceeabf5bde89ae1f77269b817cfb4ad2f7c", size = 8870567, upload-time = "2026-01-05T21:11:36.773Z" },
    { url = "https://files.pythonhosted.org/packages/2a/5c/d0397393b1096e01bc553ff253d4f5847ec75b48313ed2239a0677cc6f27/maturin-1.11.2-py3-none-manylinux_2_12_x86_64.manylinux2010_x86_64.musllinux_1_1_x86_64.whl", hash = "sha256:e4adfd055220a1d4d9d13fc63ef78750ee3769e913d9453fe18cd2ce14bb72fb", size = 9294907, upload-time = "2026-01-05T21:11:50.475Z" },
    { url = "https://files.pythonhosted.org/packages/07/f7/f2aac58e4a09ce0ea6cbfae3831a7eaf04bd830464f677fba5519fa277d1/maturin-1.11.2-py3-none-manylinux_2_17_aarch64.manylinux2014_aarch64.musllinux_1_1_aarch64.whl", hash = "sha256:3a381b231b453e5cf2ca9cd1666061e4f712ac34bd2e339bc90e692f7d9f6a20", size = 8834287, upload-time = "2026-01-05T21:11:46.794Z" },
    { url = "https://files.pythonhosted.org/packages/cc/5a/029db0c105debfe334c3b76d7d7575ea658841726372ea531c4eb77d21cc/maturin-1.11.2-py3-none-manylinux_2_17_armv7l.manylinux2014_armv7l.musllinux_1_1_armv7l.whl", hash = "sha256:60fa20b43bdd0438fac9dea9221f19a278a4a6d9b52c67d53184fa905959cf54", size = 8728055, upload-time = "2026-01-05T21:11:33.044Z" },
    { url = "https://files.pythonhosted.org/packages/58/f0/d48c944151c9373901705f3f11c004233c1a72199408e8585ad66bc3b063/maturin-1.11.2-py3-none-manylinux_2_17_ppc64le.manylinux2014_ppc64le.musllinux_1_1_ppc64le.whl", hash = "sha256:4dd8c0b0c0f4b5d584bcdba62b0af339366933fabe56cfa187f193f1860c84f3", size = 11385341, upload-time = "2026-01-05T21:11:35.058Z" },
    { url = "https://files.pythonhosted.org/packages/38/d7/7548a8d561a215531e2859e77a421b7fc6d542c6dc8087175eba54f24367/maturin-1.11.2-py3-none-manylinux_2_17_s390x.manylinux2014_s390x.whl", hash = "sha256:fde6d45b6efec43e6bf06b143ec06808599784be3f44f5e2914e33b8d3639d66", size = 9429750, upload-time = "2026-01-05T21:11:38.918Z" },
    { url = "https://files.pythonhosted.org/packages/b8/bf/d581d8a938fc1f0e414f5454e745524a9cea7786990fa7a1222d2563f32b/maturin-1.11.2-py3-none-manylinux_2_31_riscv64.whl", hash = "sha256:97c454f764232c0488dddcabd61120bbd413811e8f8ef4952ca46e5aade71134", size = 9099156, upload-time = "2026-01-05T21:11:48.407Z" },
    { url = "https://files.pythonhosted.org/packages/43/43/8f29d880034256144b8f72706c95e2d8c5d8b1045cd4a1783e52f1e02dd2/maturin-1.11.2-py3-none-win32.whl", hash = "sha256:bfcaaef0f72a0153a8965f45a9f1b3682658386fdd53a5ca4709ffb9a4f9a652", size = 7753292, upload-time = "2026-01-05T21:11:54.797Z" },
    { url = "https://files.pythonhosted.org/packages/0a/96/8931519e4aca020d2d8fb39e47b5be1a2446073ea3708f3efb046c9790c3/maturin-1.11.2-py3-none-win_amd64.whl", hash = "sha256:715d8fb30593f7aa2f02d7287f34568698596a64c08ba65e8dcd35475fb5456b", size = 9030254, upload-time = "2026-01-05T21:11:40.951Z" },
    { url = "https://files.pythonhosted.org/packages/b8/76/baf33fcc61d4146a9a9ae7eedb414a90aa0923534112d700487f11d6e70a/maturin-1.11.2-py3-none-win_arm64.whl", hash = "sha256:0a25365428cdb9170c515a4b81f1dad220bd3c8ee333f612f557f91ff60c2b06", size = 7633080, upload-time = "2026-01-05T21:11:42.719Z" },
]

[[package]]
name = "nodeenv"
version = "1.10.0"
source = { registry = "https://pypi.org/simple" }
sdist = { url = "https://files.pythonhosted.org/packages/24/bf/d1bda4f6168e0b2e9e5958945e01910052158313224ada5ce1fb2e1113b8/nodeenv-1.10.0.tar.gz", hash = "sha256:996c191ad80897d076bdfba80a41994c2b47c68e224c542b48feba42ba00f8bb", size = 55611, upload-time = "2025-12-20T14:08:54.006Z" }
wheels = [
    { url = "https://files.pythonhosted.org/packages/88/b2/d0896bdcdc8d28a7fc5717c305f1a861c26e18c05047949fb371034d98bd/nodeenv-1.10.0-py2.py3-none-any.whl", hash = "sha256:5bb13e3eed2923615535339b3c620e76779af4cb4c6a90deccc9e36b274d3827", size = 23438, upload-time = "2025-12-20T14:08:52.782Z" },
]

[[package]]
name = "packaging"
version = "25.0"
source = { registry = "https://pypi.org/simple" }
sdist = { url = "https://files.pythonhosted.org/packages/a1/d4/1fc4078c65507b51b96ca8f8c3ba19e6a61c8253c72794544580a7b6c24d/packaging-25.0.tar.gz", hash = "sha256:d443872c98d677bf60f6a1f2f8c1cb748e8fe762d2bf9d3148b5599295b0fc4f", size = 165727, upload-time = "2025-04-19T11:48:59.673Z" }
wheels = [
    { url = "https://files.pythonhosted.org/packages/20/12/38679034af332785aac8774540895e234f4d07f7545804097de4b666afd8/packaging-25.0-py3-none-any.whl", hash = "sha256:29572ef2b1f17581046b3a2227d5c611fb25ec70ca1ba8554b24b0e69331a484", size = 66469, upload-time = "2025-04-19T11:48:57.875Z" },
]

[[package]]
name = "pluggy"
version = "1.6.0"
source = { registry = "https://pypi.org/simple" }
sdist = { url = "https://files.pythonhosted.org/packages/f9/e2/3e91f31a7d2b083fe6ef3fa267035b518369d9511ffab804f839851d2779/pluggy-1.6.0.tar.gz", hash = "sha256:7dcc130b76258d33b90f61b658791dede3486c3e6bfb003ee5c9bfb396dd22f3", size = 69412, upload-time = "2025-05-15T12:30:07.975Z" }
wheels = [
    { url = "https://files.pythonhosted.org/packages/54/20/4d324d65cc6d9205fabedc306948156824eb9f0ee1633355a8f7ec5c66bf/pluggy-1.6.0-py3-none-any.whl", hash = "sha256:e920276dd6813095e9377c0bc5566d94c932c33b27a3e3945d8389c374dd4746", size = 20538, upload-time = "2025-05-15T12:30:06.134Z" },
]

[[package]]
name = "psutil"
version = "7.2.1"
source = { registry = "https://pypi.org/simple" }
sdist = { url = "https://files.pythonhosted.org/packages/73/cb/09e5184fb5fc0358d110fc3ca7f6b1d033800734d34cac10f4136cfac10e/psutil-7.2.1.tar.gz", hash = "sha256:f7583aec590485b43ca601dd9cea0dcd65bd7bb21d30ef4ddbf4ea6b5ed1bdd3", size = 490253, upload-time = "2025-12-29T08:26:00.169Z" }
wheels = [
    { url = "https://files.pythonhosted.org/packages/77/8e/f0c242053a368c2aa89584ecd1b054a18683f13d6e5a318fc9ec36582c94/psutil-7.2.1-cp313-cp313t-macosx_10_13_x86_64.whl", hash = "sha256:ba9f33bb525b14c3ea563b2fd521a84d2fa214ec59e3e6a2858f78d0844dd60d", size = 129624, upload-time = "2025-12-29T08:26:04.255Z" },
    { url = "https://files.pythonhosted.org/packages/26/97/a58a4968f8990617decee234258a2b4fc7cd9e35668387646c1963e69f26/psutil-7.2.1-cp313-cp313t-macosx_11_0_arm64.whl", hash = "sha256:81442dac7abfc2f4f4385ea9e12ddf5a796721c0f6133260687fec5c3780fa49", size = 130132, upload-time = "2025-12-29T08:26:06.228Z" },
    { url = "https://files.pythonhosted.org/packages/db/6d/ed44901e830739af5f72a85fa7ec5ff1edea7f81bfbf4875e409007149bd/psutil-7.2.1-cp313-cp313t-manylinux2010_x86_64.manylinux_2_12_x86_64.manylinux_2_28_x86_64.whl", hash = "sha256:ea46c0d060491051d39f0d2cff4f98d5c72b288289f57a21556cc7d504db37fc", size = 180612, upload-time = "2025-12-29T08:26:08.276Z" },
    { url = "https://files.pythonhosted.org/packages/c7/65/b628f8459bca4efbfae50d4bf3feaab803de9a160b9d5f3bd9295a33f0c2/psutil-7.2.1-cp313-cp313t-manylinux2014_aarch64.manylinux_2_17_aarch64.manylinux_2_28_aarch64.whl", hash = "sha256:35630d5af80d5d0d49cfc4d64c1c13838baf6717a13effb35869a5919b854cdf", size = 183201, upload-time = "2025-12-29T08:26:10.622Z" },
    { url = "https://files.pythonhosted.org/packages/fb/23/851cadc9764edcc18f0effe7d0bf69f727d4cf2442deb4a9f78d4e4f30f2/psutil-7.2.1-cp313-cp313t-win_amd64.whl", hash = "sha256:923f8653416604e356073e6e0bccbe7c09990acef442def2f5640dd0faa9689f", size = 139081, upload-time = "2025-12-29T08:26:12.483Z" },
    { url = "https://files.pythonhosted.org/packages/59/82/d63e8494ec5758029f31c6cb06d7d161175d8281e91d011a4a441c8a43b5/psutil-7.2.1-cp313-cp313t-win_arm64.whl", hash = "sha256:cfbe6b40ca48019a51827f20d830887b3107a74a79b01ceb8cc8de4ccb17b672", size = 134767, upload-time = "2025-12-29T08:26:14.528Z" },
    { url = "https://files.pythonhosted.org/packages/05/c2/5fb764bd61e40e1fe756a44bd4c21827228394c17414ade348e28f83cd79/psutil-7.2.1-cp314-cp314t-macosx_10_15_x86_64.whl", hash = "sha256:494c513ccc53225ae23eec7fe6e1482f1b8a44674241b54561f755a898650679", size = 129716, upload-time = "2025-12-29T08:26:16.017Z" },
    { url = "https://files.pythonhosted.org/packages/c9/d2/935039c20e06f615d9ca6ca0ab756cf8408a19d298ffaa08666bc18dc805/psutil-7.2.1-cp314-cp314t-macosx_11_0_arm64.whl", hash = "sha256:3fce5f92c22b00cdefd1645aa58ab4877a01679e901555067b1bd77039aa589f", size = 130133, upload-time = "2025-12-29T08:26:18.009Z" },
    { url = "https://files.pythonhosted.org/packages/77/69/19f1eb0e01d24c2b3eacbc2f78d3b5add8a89bf0bb69465bc8d563cc33de/psutil-7.2.1-cp314-cp314t-manylinux2010_x86_64.manylinux_2_12_x86_64.manylinux_2_28_x86_64.whl", hash = "sha256:93f3f7b0bb07711b49626e7940d6fe52aa9940ad86e8f7e74842e73189712129", size = 181518, upload-time = "2025-12-29T08:26:20.241Z" },
    { url = "https://files.pythonhosted.org/packages/e1/6d/7e18b1b4fa13ad370787626c95887b027656ad4829c156bb6569d02f3262/psutil-7.2.1-cp314-cp314t-manylinux2014_aarch64.manylinux_2_17_aarch64.manylinux_2_28_aarch64.whl", hash = "sha256:d34d2ca888208eea2b5c68186841336a7f5e0b990edec929be909353a202768a", size = 184348, upload-time = "2025-12-29T08:26:22.215Z" },
    { url = "https://files.pythonhosted.org/packages/98/60/1672114392dd879586d60dd97896325df47d9a130ac7401318005aab28ec/psutil-7.2.1-cp314-cp314t-win_amd64.whl", hash = "sha256:2ceae842a78d1603753561132d5ad1b2f8a7979cb0c283f5b52fb4e6e14b1a79", size = 140400, upload-time = "2025-12-29T08:26:23.993Z" },
    { url = "https://files.pythonhosted.org/packages/fb/7b/d0e9d4513c46e46897b46bcfc410d51fc65735837ea57a25170f298326e6/psutil-7.2.1-cp314-cp314t-win_arm64.whl", hash = "sha256:08a2f175e48a898c8eb8eace45ce01777f4785bc744c90aa2cc7f2fa5462a266", size = 135430, upload-time = "2025-12-29T08:26:25.999Z" },
    { url = "https://files.pythonhosted.org/packages/c5/cf/5180eb8c8bdf6a503c6919f1da28328bd1e6b3b1b5b9d5b01ae64f019616/psutil-7.2.1-cp36-abi3-macosx_10_9_x86_64.whl", hash = "sha256:b2e953fcfaedcfbc952b44744f22d16575d3aa78eb4f51ae74165b4e96e55f42", size = 128137, upload-time = "2025-12-29T08:26:27.759Z" },
    { url = "https://files.pythonhosted.org/packages/c5/2c/78e4a789306a92ade5000da4f5de3255202c534acdadc3aac7b5458fadef/psutil-7.2.1-cp36-abi3-macosx_11_0_arm64.whl", hash = "sha256:05cc68dbb8c174828624062e73078e7e35406f4ca2d0866c272c2410d8ef06d1", size = 128947, upload-time = "2025-12-29T08:26:29.548Z" },
    { url = "https://files.pythonhosted.org/packages/29/f8/40e01c350ad9a2b3cb4e6adbcc8a83b17ee50dd5792102b6142385937db5/psutil-7.2.1-cp36-abi3-manylinux2010_x86_64.manylinux_2_12_x86_64.manylinux_2_28_x86_64.whl", hash = "sha256:5e38404ca2bb30ed7267a46c02f06ff842e92da3bb8c5bfdadbd35a5722314d8", size = 154694, upload-time = "2025-12-29T08:26:32.147Z" },
    { url = "https://files.pythonhosted.org/packages/06/e4/b751cdf839c011a9714a783f120e6a86b7494eb70044d7d81a25a5cd295f/psutil-7.2.1-cp36-abi3-manylinux2014_aarch64.manylinux_2_17_aarch64.manylinux_2_28_aarch64.whl", hash = "sha256:ab2b98c9fc19f13f59628d94df5cc4cc4844bc572467d113a8b517d634e362c6", size = 156136, upload-time = "2025-12-29T08:26:34.079Z" },
    { url = "https://files.pythonhosted.org/packages/44/ad/bbf6595a8134ee1e94a4487af3f132cef7fce43aef4a93b49912a48c3af7/psutil-7.2.1-cp36-abi3-musllinux_1_2_aarch64.whl", hash = "sha256:f78baafb38436d5a128f837fab2d92c276dfb48af01a240b861ae02b2413ada8", size = 148108, upload-time = "2025-12-29T08:26:36.225Z" },
    { url = "https://files.pythonhosted.org/packages/1c/15/dd6fd869753ce82ff64dcbc18356093471a5a5adf4f77ed1f805d473d859/psutil-7.2.1-cp36-abi3-musllinux_1_2_x86_64.whl", hash = "sha256:99a4cd17a5fdd1f3d014396502daa70b5ec21bf4ffe38393e152f8e449757d67", size = 147402, upload-time = "2025-12-29T08:26:39.21Z" },
    { url = "https://files.pythonhosted.org/packages/34/68/d9317542e3f2b180c4306e3f45d3c922d7e86d8ce39f941bb9e2e9d8599e/psutil-7.2.1-cp37-abi3-win_amd64.whl", hash = "sha256:b1b0671619343aa71c20ff9767eced0483e4fc9e1f489d50923738caf6a03c17", size = 136938, upload-time = "2025-12-29T08:26:41.036Z" },
    { url = "https://files.pythonhosted.org/packages/3e/73/2ce007f4198c80fcf2cb24c169884f833fe93fbc03d55d302627b094ee91/psutil-7.2.1-cp37-abi3-win_arm64.whl", hash = "sha256:0d67c1822c355aa6f7314d92018fb4268a76668a536f133599b91edd48759442", size = 133836, upload-time = "2025-12-29T08:26:43.086Z" },
]

[[package]]
name = "pyperf"
version = "2.9.0"
source = { registry = "https://pypi.org/simple" }
dependencies = [
    { name = "psutil" },
]
sdist = { url = "https://files.pythonhosted.org/packages/89/f9/27bd50fb5475147ad04e288a076f29a893c1e94f10866fc3623a84ad75d2/pyperf-2.9.0.tar.gz", hash = "sha256:dbe0feef8ec1a465df191bba2576149762d15a8c9985c9fea93ab625d875c362", size = 227189, upload-time = "2025-03-04T13:45:44.335Z" }
wheels = [
    { url = "https://files.pythonhosted.org/packages/19/29/ce5d2dcb095debb3bed0654950c45207a7d138e194abef0ded4b86de1dc1/pyperf-2.9.0-py3-none-any.whl", hash = "sha256:215673fb60f3fbbc6c7a90b609b0806d8466fded8dd502bf5731e2b92506076e", size = 144204, upload-time = "2025-03-04T13:45:40.491Z" },
]

[[package]]
name = "pyright"
version = "1.1.407"
source = { registry = "https://pypi.org/simple" }
dependencies = [
    { name = "nodeenv" },
    { name = "typing-extensions" },
]
sdist = { url = "https://files.pythonhosted.org/packages/a6/1b/0aa08ee42948b61745ac5b5b5ccaec4669e8884b53d31c8ec20b2fcd6b6f/pyright-1.1.407.tar.gz", hash = "sha256:099674dba5c10489832d4a4b2d302636152a9a42d317986c38474c76fe562262", size = 4122872, upload-time = "2025-10-24T23:17:15.145Z" }
wheels = [
    { url = "https://files.pythonhosted.org/packages/dc/93/b69052907d032b00c40cb656d21438ec00b3a471733de137a3f65a49a0a0/pyright-1.1.407-py3-none-any.whl", hash = "sha256:6dd419f54fcc13f03b52285796d65e639786373f433e243f8b94cf93a7444d21", size = 5997008, upload-time = "2025-10-24T23:17:13.159Z" },
]

[[package]]
name = "pytest"
version = "8.3.5"
source = { registry = "https://pypi.org/simple" }
dependencies = [
    { name = "colorama", marker = "sys_platform == 'win32'" },
    { name = "iniconfig" },
    { name = "packaging" },
    { name = "pluggy" },
]
sdist = { url = "https://files.pythonhosted.org/packages/ae/3c/c9d525a414d506893f0cd8a8d0de7706446213181570cdbd766691164e40/pytest-8.3.5.tar.gz", hash = "sha256:f4efe70cc14e511565ac476b57c279e12a855b11f48f212af1080ef2263d3845", size = 1450891, upload-time = "2025-03-02T12:54:54.503Z" }
wheels = [
    { url = "https://files.pythonhosted.org/packages/30/3d/64ad57c803f1fa1e963a7946b6e0fea4a70df53c1a7fed304586539c2bac/pytest-8.3.5-py3-none-any.whl", hash = "sha256:c69214aa47deac29fad6c2a4f590b9c4a9fdb16a403176fe154b79c0b4d4d820", size = 343634, upload-time = "2025-03-02T12:54:52.069Z" },
]

[[package]]
name = "ruff"
version = "0.8.4"
source = { registry = "https://pypi.org/simple" }
sdist = { url = "https://files.pythonhosted.org/packages/34/37/9c02181ef38d55b77d97c68b78e705fd14c0de0e5d085202bb2b52ce5be9/ruff-0.8.4.tar.gz", hash = "sha256:0d5f89f254836799af1615798caa5f80b7f935d7a670fad66c5007928e57ace8", size = 3402103, upload-time = "2024-12-19T13:36:26.286Z" }
wheels = [
    { url = "https://files.pythonhosted.org/packages/05/67/f480bf2f2723b2e49af38ed2be75ccdb2798fca7d56279b585c8f553aaab/ruff-0.8.4-py3-none-linux_armv6l.whl", hash = "sha256:58072f0c06080276804c6a4e21a9045a706584a958e644353603d36ca1eb8a60", size = 10546415, upload-time = "2024-12-19T13:35:24.958Z" },
    { url = "https://files.pythonhosted.org/packages/eb/7a/5aba20312c73f1ce61814e520d1920edf68ca3b9c507bd84d8546a8ecaa8/ruff-0.8.4-py3-none-macosx_10_12_x86_64.whl", hash = "sha256:ffb60904651c00a1e0b8df594591770018a0f04587f7deeb3838344fe3adabac", size = 10346113, upload-time = "2024-12-19T13:35:29.922Z" },
    { url = "https://files.pythonhosted.org/packages/76/f4/c41de22b3728486f0aa95383a44c42657b2db4062f3234ca36fc8cf52d8b/ruff-0.8.4-py3-none-macosx_11_0_arm64.whl", hash = "sha256:6ddf5d654ac0d44389f6bf05cee4caeefc3132a64b58ea46738111d687352296", size = 9943564, upload-time = "2024-12-19T13:35:33.455Z" },
    { url = "https://files.pythonhosted.org/packages/0e/f0/afa0d2191af495ac82d4cbbfd7a94e3df6f62a04ca412033e073b871fc6d/ruff-0.8.4-py3-none-manylinux_2_17_aarch64.manylinux2014_aarch64.whl", hash = "sha256:e248b1f0fa2749edd3350a2a342b67b43a2627434c059a063418e3d375cfe643", size = 10805522, upload-time = "2024-12-19T13:35:36.514Z" },
    { url = "https://files.pythonhosted.org/packages/12/57/5d1e9a0fd0c228e663894e8e3a8e7063e5ee90f8e8e60cf2085f362bfa1a/ruff-0.8.4-py3-none-manylinux_2_17_armv7l.manylinux2014_armv7l.whl", hash = "sha256:bf197b98ed86e417412ee3b6c893f44c8864f816451441483253d5ff22c0e81e", size = 10306763, upload-time = "2024-12-19T13:35:39.257Z" },
    { url = "https://files.pythonhosted.org/packages/04/df/f069fdb02e408be8aac6853583572a2873f87f866fe8515de65873caf6b8/ruff-0.8.4-py3-none-manylinux_2_17_i686.manylinux2014_i686.whl", hash = "sha256:c41319b85faa3aadd4d30cb1cffdd9ac6b89704ff79f7664b853785b48eccdf3", size = 11359574, upload-time = "2024-12-19T13:35:44.519Z" },
    { url = "https://files.pythonhosted.org/packages/d3/04/37c27494cd02e4a8315680debfc6dfabcb97e597c07cce0044db1f9dfbe2/ruff-0.8.4-py3-none-manylinux_2_17_ppc64.manylinux2014_ppc64.whl", hash = "sha256:9f8402b7c4f96463f135e936d9ab77b65711fcd5d72e5d67597b543bbb43cf3f", size = 12094851, upload-time = "2024-12-19T13:35:48.975Z" },
    { url = "https://files.pythonhosted.org/packages/81/b1/c5d7fb68506cab9832d208d03ea4668da9a9887a4a392f4f328b1bf734ad/ruff-0.8.4-py3-none-manylinux_2_17_ppc64le.manylinux2014_ppc64le.whl", hash = "sha256:e4e56b3baa9c23d324ead112a4fdf20db9a3f8f29eeabff1355114dd96014604", size = 11655539, upload-time = "2024-12-19T13:35:52.865Z" },
    { url = "https://files.pythonhosted.org/packages/ef/38/8f8f2c8898dc8a7a49bc340cf6f00226917f0f5cb489e37075bcb2ce3671/ruff-0.8.4-py3-none-manylinux_2_17_s390x.manylinux2014_s390x.whl", hash = "sha256:736272574e97157f7edbbb43b1d046125fce9e7d8d583d5d65d0c9bf2c15addf", size = 12912805, upload-time = "2024-12-19T13:35:57.234Z" },
    { url = "https://files.pythonhosted.org/packages/06/dd/fa6660c279f4eb320788876d0cff4ea18d9af7d9ed7216d7bd66877468d0/ruff-0.8.4-py3-none-manylinux_2_17_x86_64.manylinux2014_x86_64.whl", hash = "sha256:e5fe710ab6061592521f902fca7ebcb9fabd27bc7c57c764298b1c1f15fff720", size = 11205976, upload-time = "2024-12-19T13:36:01.27Z" },
    { url = "https://files.pythonhosted.org/packages/a8/d7/de94cc89833b5de455750686c17c9e10f4e1ab7ccdc5521b8fe911d1477e/ruff-0.8.4-py3-none-musllinux_1_2_aarch64.whl", hash = "sha256:13e9ec6d6b55f6da412d59953d65d66e760d583dd3c1c72bf1f26435b5bfdbae", size = 10792039, upload-time = "2024-12-19T13:36:04.459Z" },
    { url = "https://files.pythonhosted.org/packages/6d/15/3e4906559248bdbb74854af684314608297a05b996062c9d72e0ef7c7097/ruff-0.8.4-py3-none-musllinux_1_2_armv7l.whl", hash = "sha256:97d9aefef725348ad77d6db98b726cfdb075a40b936c7984088804dfd38268a7", size = 10400088, upload-time = "2024-12-19T13:36:08.362Z" },
    { url = "https://files.pythonhosted.org/packages/a2/21/9ed4c0e8133cb4a87a18d470f534ad1a8a66d7bec493bcb8bda2d1a5d5be/ruff-0.8.4-py3-none-musllinux_1_2_i686.whl", hash = "sha256:ab78e33325a6f5374e04c2ab924a3367d69a0da36f8c9cb6b894a62017506111", size = 10900814, upload-time = "2024-12-19T13:36:12.877Z" },
    { url = "https://files.pythonhosted.org/packages/0d/5d/122a65a18955bd9da2616b69bc839351f8baf23b2805b543aa2f0aed72b5/ruff-0.8.4-py3-none-musllinux_1_2_x86_64.whl", hash = "sha256:8ef06f66f4a05c3ddbc9121a8b0cecccd92c5bf3dd43b5472ffe40b8ca10f0f8", size = 11268828, upload-time = "2024-12-19T13:36:15.718Z" },
    { url = "https://files.pythonhosted.org/packages/43/a9/1676ee9106995381e3d34bccac5bb28df70194167337ed4854c20f27c7ba/ruff-0.8.4-py3-none-win32.whl", hash = "sha256:552fb6d861320958ca5e15f28b20a3d071aa83b93caee33a87b471f99a6c0835", size = 8805621, upload-time = "2024-12-19T13:36:18.551Z" },
    { url = "https://files.pythonhosted.org/packages/10/98/ed6b56a30ee76771c193ff7ceeaf1d2acc98d33a1a27b8479cbdb5c17a23/ruff-0.8.4-py3-none-win_amd64.whl", hash = "sha256:f21a1143776f8656d7f364bd264a9d60f01b7f52243fbe90e7670c0dfe0cf65d", size = 9660086, upload-time = "2024-12-19T13:36:21.323Z" },
    { url = "https://files.pythonhosted.org/packages/13/9f/026e18ca7d7766783d779dae5e9c656746c6ede36ef73c6d934aaf4a6dec/ruff-0.8.4-py3-none-win_arm64.whl", hash = "sha256:9183dd615d8df50defa8b1d9a074053891ba39025cf5ae88e8bcb52edcc4bf08", size = 9074500, upload-time = "2024-12-19T13:36:23.92Z" },
]

[[package]]
name = "setuptools"
version = "80.9.0"
source = { registry = "https://pypi.org/simple" }
sdist = { url = "https://files.pythonhosted.org/packages/18/5d/3bf57dcd21979b887f014ea83c24ae194cfcd12b9e0fda66b957c69d1fca/setuptools-80.9.0.tar.gz", hash = "sha256:f36b47402ecde768dbfafc46e8e4207b4360c654f1f3bb84475f0a28628fb19c", size = 1319958, upload-time = "2025-05-27T00:56:51.443Z" }
wheels = [
    { url = "https://files.pythonhosted.org/packages/a3/dc/17031897dae0efacfea57dfd3a82fdd2a2aeb58e0ff71b77b87e44edc772/setuptools-80.9.0-py3-none-any.whl", hash = "sha256:062d34222ad13e0cc312a4c02d73f059e86a4acbfbdea8f8f76b28c99f306922", size = 1201486, upload-time = "2025-05-27T00:56:49.664Z" },
]

[[package]]
name = "typing-extensions"
version = "4.15.0"
source = { registry = "https://pypi.org/simple" }
sdist = { url = "https://files.pythonhosted.org/packages/72/94/1a15dd82efb362ac84269196e94cf00f187f7ed21c242792a923cdb1c61f/typing_extensions-4.15.0.tar.gz", hash = "sha256:0cea48d173cc12fa28ecabc3b837ea3cf6f38c6d1136f85cbaaf598984861466", size = 109391, upload-time = "2025-08-25T13:49:26.313Z" }
wheels = [
    { url = "https://files.pythonhosted.org/packages/18/67/36e9267722cc04a6b9f15c7f3441c2363321a3ea07da7ae0c0707beb2a9c/typing_extensions-4.15.0-py3-none-any.whl", hash = "sha256:f0fa19c6845758ab08074a0cfa8b7aecb71c999ca73d62883bc25cc018c4e548", size = 44614, upload-time = "2025-08-25T13:49:24.86Z" },
]
